{
  "name": "@demo/project",
  "version": "1.0.0",
  "lockfileVersion": 3,
  "requires": true,
  "packages": {
    "": {
      "name": "@demo/project",
      "version": "1.0.0",
      "license": "ISC",
      "workspaces": [
        "packages/config",
        "packages/frontend"
      ]
    },
    "node_modules/@demo/config": {
      "resolved": "packages/config",
      "link": true
    },
    "node_modules/@demo/frontend": {
      "resolved": "packages/frontend",
      "link": true
    },
    "packages/config": {
      "name": "@demo/config",
      "version": "1.0.0",
      "license": "ISC"
    },
    "packages/frontend": {
      "version": "1.0.0",
      "license": "ISC",
      "devDependencies": {}
    }
  }
}
